// !$*UTF8*$!
{
	archiveVersion = 1;
	classes = {
	};
	objectVersion = 56;
	objects = {

/* Begin PBXBuildFile section */
		51C70E0AD86246068182E178 /* NoteSweekerApp.swift in Sources */ = {isa = PBXBuildFile; fileRef = 438594B55ECF4ACB94782231 /* NoteSweekerApp.swift */; };
		17523B61130F47B8BB56AAC0 /* CryptoService.swift in Sources */ = {isa = PBXBuildFile; fileRef = D6F2835C51B949B0B910F4A6 /* CryptoService.swift */; };
		5A880B42C33949D19CEEB5BC /* EncryptedNoteFile.swift in Sources */ = {isa = PBXBuildFile; fileRef = 97E536511F1947DBAB4DA829 /* EncryptedNoteFile.swift */; };
		655291FD173D4367AFC45E08 /* NoteSession.swift in Sources */ = {isa = PBXBuildFile; fileRef = 978F1C826F5C48AEAC7A30B6 /* NoteSession.swift */; };
		4A5688D5329E40D2B83141D7 /* PasswordPromptView.swift in Sources */ = {isa = PBXBuildFile; fileRef = B1673485E50940C0B08419EA /* PasswordPromptView.swift */; };
		670FF931EF024B8BA8822FA2 /* NoteEditorView.swift in Sources */ = {isa = PBXBuildFile; fileRef = 151BB11BEAA44505AD7839B9 /* NoteEditorView.swift */; };
		CC0615DCFD7A4E10BFFF0AB1 /* WelcomeView.swift in Sources */ = {isa = PBXBuildFile; fileRef = BC8961B8C0DD442BABC2A9E1 /* WelcomeView.swift */; };
/* End PBXBuildFile section */

/* Begin PBXFileReference section */
		438594B55ECF4ACB94782231 /* NoteSweekerApp.swift */ = {isa = PBXFileReference; lastKnownFileType = sourcecode.swift; path = NoteSweekerApp.swift; sourceTree = "<group>"; };
		D6F2835C51B949B0B910F4A6 /* CryptoService.swift */ = {isa = PBXFileReference; lastKnownFileType = sourcecode.swift; path = CryptoService.swift; sourceTree = "<group>"; };
		97E536511F1947DBAB4DA829 /* EncryptedNoteFile.swift */ = {isa = PBXFileReference; lastKnownFileType = sourcecode.swift; path = EncryptedNoteFile.swift; sourceTree = "<group>"; };
		978F1C826F5C48AEAC7A30B6 /* NoteSession.swift */ = {isa = PBXFileReference; lastKnownFileType = sourcecode.swift; path = NoteSession.swift; sourceTree = "<group>"; };
		B1673485E50940C0B08419EA /* PasswordPromptView.swift */ = {isa = PBXFileReference; lastKnownFileType = sourcecode.swift; path = PasswordPromptView.swift; sourceTree = "<group>"; };
		151BB11BEAA44505AD7839B9 /* NoteEditorView.swift */ = {isa = PBXFileReference; lastKnownFileType = sourcecode.swift; path = NoteEditorView.swift; sourceTree = "<group>"; };
		BC8961B8C0DD442BABC2A9E1 /* WelcomeView.swift */ = {isa = PBXFileReference; lastKnownFileType = sourcecode.swift; path = WelcomeView.swift; sourceTree = "<group>"; };
		FA54E4E7CA0C4A798ACE85A5 /* NoteSweeker.entitlements */ = {isa = PBXFileReference; lastKnownFileType = text.plist.entitlements; path = NoteSweeker.entitlements; sourceTree = "<group>"; };
		11167BCB154641A19EE93052 /* NoteSweeker.app */ = {isa = PBXFileReference; explicitFileType = wrapper.application; includeInIndex = 0; path = NoteSweeker.app; sourceTree = BUILT_PRODUCTS_DIR; };
/* End PBXFileReference section */

/* Begin PBXFrameworksBuildPhase section */
		704C88A66BA1451485DAFE19 /* Frameworks */ = {
			isa = PBXFrameworksBuildPhase;
			buildActionMask = 2147483647;
			files = (
			);
			runOnlyForDeploymentPostprocessing = 0;
		};
/* End PBXFrameworksBuildPhase section */

/* Begin PBXGroup section */
		F589FD725C1241AF9A49C817 = {
			isa = PBXGroup;
			children = (
				9D182DFB6891493AB838295A /* NoteSweeker */,
				9BCE09C1CF4A451BBE84A771 /* Products */,
			);
			sourceTree = "<group>";
		};
		9BCE09C1CF4A451BBE84A771 /* Products */ = {
			isa = PBXGroup;
			children = (
				11167BCB154641A19EE93052 /* NoteSweeker.app */,
			);
			name = Products;
			sourceTree = "<group>";
		};
		9D182DFB6891493AB838295A /* NoteSweeker */ = {
			isa = PBXGroup;
			children = (
				438594B55ECF4ACB94782231 /* NoteSweekerApp.swift */,
				39DACA0793A541C3AAB97434 /* Crypto */,
				A9AD93E51EC643939EABB029 /* Models */,
				09128993CE194B8890E9D132 /* Views */,
				FA54E4E7CA0C4A798ACE85A5 /* NoteSweeker.entitlements */,
			);
			path = NoteSweeker;
			sourceTree = "<group>";
		};
		39DACA0793A541C3AAB97434 /* Crypto */ = {
			isa = PBXGroup;
			children = (
				D6F2835C51B949B0B910F4A6 /* CryptoService.swift */,
			);
			path = Crypto;
			sourceTree = "<group>";
		};
		A9AD93E51EC643939EABB029 /* Models */ = {
			isa = PBXGroup;
			children = (
				97E536511F1947DBAB4DA829 /* EncryptedNoteFile.swift */,
				978F1C826F5C48AEAC7A30B6 /* NoteSession.swift */,
			);
			path = Models;
			sourceTree = "<group>";
		};
		09128993CE194B8890E9D132 /* Views */ = {
			isa = PBXGroup;
			children = (
				B1673485E50940C0B08419EA /* PasswordPromptView.swift */,
				151BB11BEAA44505AD7839B9 /* NoteEditorView.swift */,
				BC8961B8C0DD442BABC2A9E1 /* WelcomeView.swift */,
			);
			path = Views;
			sourceTree = "<group>";
		};
/* End PBXGroup section */

/* Begin PBXNativeTarget section */
		B6DC1CD1801E4B1CBE999E4F /* NoteSweeker */ = {
			isa = PBXNativeTarget;
			buildConfigurationList = D44BBE791103460B94E5D1D9 /* Build configuration list for PBXNativeTarget "NoteSweeker" */;
			buildPhases = (
				2A289B7FDC99474DAF12632E /* Sources */,
				704C88A66BA1451485DAFE19 /* Frameworks */,
				522F09EA113749E995AEF2F8 /* Resources */,
			);
			buildRules = (
			);
			dependencies = (
			);
			name = NoteSweeker;
			productName = NoteSweeker;
			productReference = 11167BCB154641A19EE93052 /* NoteSweeker.app */;
			productType = "com.apple.product-type.application";
		};
/* End PBXNativeTarget section */

/* Begin PBXProject section */
		8E0F74227DBD442284807C48 /* Project object */ = {
			isa = PBXProject;
			attributes = {
				BuildIndependentTargetsInParallel = 1;
				LastSwiftUpdateCheck = 1620;
				LastUpgradeCheck = 1620;
				TargetAttributes = {
					B6DC1CD1801E4B1CBE999E4F = {
						CreatedOnToolsVersion = 16.2;
					};
				};
			};
			buildConfigurationList = D666F1887546468B9CF1BE53 /* Build configuration list for PBXProject "NoteSweeker" */;
			compatibilityVersion = "Xcode 14.0";
			developmentRegion = en;
			hasScannedForEncodings = 0;
			knownRegions = (
				en,
				Base,
			);
			mainGroup = F589FD725C1241AF9A49C817;
			productRefGroup = 9BCE09C1CF4A451BBE84A771 /* Products */;
			projectDirPath = "";
			projectRoot = "";
			targets = (
				B6DC1CD1801E4B1CBE999E4F /* NoteSweeker */,
			);
		};
/* End PBXProject section */

/* Begin PBXResourcesBuildPhase section */
		522F09EA113749E995AEF2F8 /* Resources */ = {
			isa = PBXResourcesBuildPhase;
			buildActionMask = 2147483647;
			files = (
			);
			runOnlyForDeploymentPostprocessing = 0;
		};
/* End PBXResourcesBuildPhase section */

/* Begin PBXSourcesBuildPhase section */
		2A289B7FDC99474DAF12632E /* Sources */ = {
			isa = PBXSourcesBuildPhase;
			buildActionMask = 2147483647;
			files = (
				51C70E0AD86246068182E178 /* NoteSweekerApp.swift in Sources */,
				17523B61130F47B8BB56AAC0 /* CryptoService.swift in Sources */,
				5A880B42C33949D19CEEB5BC /* EncryptedNoteFile.swift in Sources */,
				655291FD173D4367AFC45E08 /* NoteSession.swift in Sources */,
				4A5688D5329E40D2B83141D7 /* PasswordPromptView.swift in Sources */,
				670FF931EF024B8BA8822FA2 /* NoteEditorView.swift in Sources */,
				CC0615DCFD7A4E10BFFF0AB1 /* WelcomeView.swift in Sources */,
			);
			runOnlyForDeploymentPostprocessing = 0;
		};
/* End PBXSourcesBuildPhase section */

/* Begin XCBuildConfiguration section */
		3E63FE6539674C008C9504E2 /* Debug */ = {
			isa = XCBuildConfiguration;
			buildSettings = {
				ALWAYS_SEARCH_USER_PATHS = NO;
				CLANG_ANALYZER_NONNULL = YES;
				CLANG_ANALYZER_NUMBER_OBJECT_CONVERSION = YES_AGGRESSIVE;
				CLANG_CXX_LANGUAGE_STANDARD = "gnu++20";
				CLANG_ENABLE_MODULES = YES;
				CLANG_ENABLE_OBJC_ARC = YES;
				CLANG_ENABLE_OBJC_WEAK = YES;
				CLANG_WARN_BLOCK_CAPTURE_AUTORELEASING = YES;
				CLANG_WARN_BOOL_CONVERSION = YES;
				CLANG_WARN_COMMA = YES;
				CLANG_WARN_CONSTANT_CONVERSION = YES;
				CLANG_WARN_DEPRECATED_OBJC_IMPLEMENTATIONS = YES;
				CLANG_WARN_DIRECT_OBJC_ISA_USAGE = YES_ERROR;
				CLANG_WARN_DOCUMENTATION_COMMENTS = YES;
				CLANG_WARN_EMPTY_BODY = YES;
				CLANG_WARN_ENUM_CONVERSION = YES;
				CLANG_WARN_INFINITE_RECURSION = YES;
				CLANG_WARN_INT_CONVERSION = YES;
				CLANG_WARN_NON_LITERAL_NULL_CONVERSION = YES;
				CLANG_WARN_OBJC_IMPLICIT_RETAIN_SELF = YES;
				CLANG_WARN_OBJC_LITERAL_CONVERSION = YES;
				CLANG_WARN_OBJC_ROOT_CLASS = YES_ERROR;
				CLANG_WARN_QUOTED_INCLUDE_IN_FRAMEWORK_HEADER = YES;
				CLANG_WARN_RANGE_LOOP_ANALYSIS = YES;
				CLANG_WARN_STRICT_PROTOTYPES = YES;
				CLANG_WARN_SUSPICIOUS_MOVE = YES;
				CLANG_WARN_UNGUARDED_AVAILABILITY = YES_AGGRESSIVE;
				CLANG_WARN_UNREACHABLE_CODE = YES;
				CLANG_WARN__DUPLICATE_METHOD_MATCH = YES;
				COPY_PHASE_STRIP = NO;
				DEBUG_INFORMATION_FORMAT = dwarf;
				ENABLE_STRICT_OBJC_MSGSEND = YES;
				ENABLE_TESTABILITY = YES;
				GCC_C_LANGUAGE_STANDARD = gnu17;
				GCC_DYNAMIC_NO_PIC = NO;
				GCC_NO_COMMON_BLOCKS = YES;
				GCC_OPTIMIZATION_LEVEL = 0;
				GCC_PREPROCESSOR_DEFINITIONS = (
					"DEBUG=1",
					"$(inherited)",
				);
				GCC_WARN_64_TO_32_BIT_CONVERSION = YES;
				GCC_WARN_ABOUT_RETURN_TYPE = YES_ERROR;
				GCC_WARN_UNDECLARED_SELECTOR = YES;
				GCC_WARN_UNINITIALIZED_AUTOS = YES_AGGRESSIVE;
				GCC_WARN_UNUSED_FUNCTION = YES;
				GCC_WARN_UNUSED_VARIABLE = YES;
				MACOSX_DEPLOYMENT_TARGET = 14.0;
				MTL_ENABLE_DEBUG_INFO = INCLUDE_SOURCE;
				MTL_FAST_MATH = YES;
				ONLY_ACTIVE_ARCH = YES;
				SDKROOT = macosx;
				SWIFT_ACTIVE_COMPILATION_CONDITIONS = "DEBUG $(inherited)";
				SWIFT_OPTIMIZATION_LEVEL = "-Onone";
			};
			name = Debug;
		};
		57F3F8AA3AF44DA98A1E37E3 /* Release */ = {
			isa = XCBuildConfiguration;
			buildSettings = {
				ALWAYS_SEARCH_USER_PATHS = NO;
				CLANG_ANALYZER_NONNULL = YES;
				CLANG_ANALYZER_NUMBER_OBJECT_CONVERSION = YES_AGGRESSIVE;
				CLANG_CXX_LANGUAGE_STANDARD = "gnu++20";
				CLANG_ENABLE_MODULES = YES;
				CLANG_ENABLE_OBJC_ARC = YES;
				CLANG_ENABLE_OBJC_WEAK = YES;
				CLANG_WARN_BLOCK_CAPTURE_AUTORELEASING = YES;
				CLANG_WARN_BOOL_CONVERSION = YES;
				CLANG_WARN_COMMA = YES;
				CLANG_WARN_CONSTANT_CONVERSION = YES;
				CLANG_WARN_DEPRECATED_OBJC_IMPLEMENTATIONS = YES;
				CLANG_WARN_DIRECT_OBJC_ISA_USAGE = YES_ERROR;
				CLANG_WARN_DOCUMENTATION_COMMENTS = YES;
				CLANG_WARN_EMPTY_BODY = YES;
				CLANG_WARN_ENUM_CONVERSION = YES;
				CLANG_WARN_INFINITE_RECURSION = YES;
				CLANG_WARN_INT_CONVERSION = YES;
				CLANG_WARN_NON_LITERAL_NULL_CONVERSION = YES;
				CLANG_WARN_OBJC_IMPLICIT_RETAIN_SELF = YES;
				CLANG_WARN_OBJC_LITERAL_CONVERSION = YES;
				CLANG_WARN_OBJC_ROOT_CLASS = YES_ERROR;
				CLANG_WARN_QUOTED_INCLUDE_IN_FRAMEWORK_HEADER = YES;
				CLANG_WARN_RANGE_LOOP_ANALYSIS = YES;
				CLANG_WARN_STRICT_PROTOTYPES = YES;
				CLANG_WARN_SUSPICIOUS_MOVE = YES;
				CLANG_WARN_UNGUARDED_AVAILABILITY = YES_AGGRESSIVE;
				CLANG_WARN_UNREACHABLE_CODE = YES;
				CLANG_WARN__DUPLICATE_METHOD_MATCH = YES;
				COPY_PHASE_STRIP = NO;
				DEBUG_INFORMATION_FORMAT = "dwarf-with-dsym";
				ENABLE_NS_ASSERTIONS = NO;
				ENABLE_STRICT_OBJC_MSGSEND = YES;
				GCC_C_LANGUAGE_STANDARD = gnu17;
				GCC_NO_COMMON_BLOCKS = YES;
				GCC_WARN_64_TO_32_BIT_CONVERSION = YES;
				GCC_WARN_ABOUT_RETURN_TYPE = YES_ERROR;
				GCC_WARN_UNDECLARED_SELECTOR = YES;
				GCC_WARN_UNINITIALIZED_AUTOS = YES_AGGRESSIVE;
				GCC_WARN_UNUSED_FUNCTION = YES;
				GCC_WARN_UNUSED_VARIABLE = YES;
				MACOSX_DEPLOYMENT_TARGET = 14.0;
				MTL_ENABLE_DEBUG_INFO = NO;
				MTL_FAST_MATH = YES;
				SDKROOT = macosx;
				SWIFT_COMPILATION_MODE = wholemodule;
			};
			name = Release;
		};
		4D5BC84C4FAC48C9B3BF929F /* Debug */ = {
			isa = XCBuildConfiguration;
			buildSettings = {
				ASSETCATALOG_COMPILER_GENERATE_ASSET_SYMBOLS = NO;
				CODE_SIGN_ENTITLEMENTS = NoteSweeker/NoteSweeker.entitlements;
				CODE_SIGN_STYLE = Automatic;
				COMBINE_HIDPI_IMAGES = YES;
				CURRENT_PROJECT_VERSION = 1;
				ENABLE_HARDENED_RUNTIME = YES;
				ENABLE_PREVIEWS = YES;
				GENERATE_INFOPLIST_FILE = YES;
				INFOPLIST_KEY_CFBundleDisplayName = NoteSweeker;
				INFOPLIST_KEY_LSApplicationCategoryType = "public.app-category.productivity";
				INFOPLIST_KEY_NSHumanReadableCopyright = "";
				LD_RUNPATH_SEARCH_PATHS = (
					"$(inherited)",
					"@executable_path/../Frameworks",
				);
				MACOSX_DEPLOYMENT_TARGET = 14.0;
				MARKETING_VERSION = 1.0;
				PRODUCT_BUNDLE_IDENTIFIER = com.notesweeker.NoteSweeker;
				PRODUCT_NAME = "$(TARGET_NAME)";
				SWIFT_EMIT_LOC_STRINGS = YES;
				SWIFT_VERSION = 5.0;
			};
			name = Debug;
		};
		BF638EE08DD94A238A267ABC /* Release */ = {
			isa = XCBuildConfiguration;
			buildSettings = {
				ASSETCATALOG_COMPILER_GENERATE_ASSET_SYMBOLS = NO;
				CODE_SIGN_ENTITLEMENTS = NoteSweeker/NoteSweeker.entitlements;
				CODE_SIGN_STYLE = Automatic;
				COMBINE_HIDPI_IMAGES = YES;
				CURRENT_PROJECT_VERSION = 1;
				ENABLE_HARDENED_RUNTIME = YES;
				ENABLE_PREVIEWS = YES;
				GENERATE_INFOPLIST_FILE = YES;
				INFOPLIST_KEY_CFBundleDisplayName = NoteSweeker;
				INFOPLIST_KEY_LSApplicationCategoryType = "public.app-category.productivity";
				INFOPLIST_KEY_NSHumanReadableCopyright = "";
				LD_RUNPATH_SEARCH_PATHS = (
					"$(inherited)",
					"@executable_path/../Frameworks",
				);
				MACOSX_DEPLOYMENT_TARGET = 14.0;
				MARKETING_VERSION = 1.0;
				PRODUCT_BUNDLE_IDENTIFIER = com.notesweeker.NoteSweeker;
				PRODUCT_NAME = "$(TARGET_NAME)";
				SWIFT_EMIT_LOC_STRINGS = YES;
				SWIFT_VERSION = 5.0;
			};
			name = Release;
		};
/* End XCBuildConfiguration section */

/* Begin XCConfigurationList section */
		D666F1887546468B9CF1BE53 /* Build configuration list for PBXProject "NoteSweeker" */ = {
			isa = XCConfigurationList;
			buildConfigurations = (
				3E63FE6539674C008C9504E2 /* Debug */,
				57F3F8AA3AF44DA98A1E37E3 /* Release */,
			);
			defaultConfigurationIsVisible = 0;
			defaultConfigurationName = Release;
		};
		D44BBE791103460B94E5D1D9 /* Build configuration list for PBXNativeTarget "NoteSweeker" */ = {
			isa = XCConfigurationList;
			buildConfigurations = (
				4D5BC84C4FAC48C9B3BF929F /* Debug */,
				BF638EE08DD94A238A267ABC /* Release */,
			);
			defaultConfigurationIsVisible = 0;
			defaultConfigurationName = Release;
		};
/* End XCConfigurationList section */
	};
	rootObject = 8E0F74227DBD442284807C48 /* Project object */;
}
